
Microsoft Visual Studio Solution File, Format Version 12.00
# Visual Studio 15
VisualStudioVersion = 15.0.27130.2020
MinimumVisualStudioVersion = 10.0.40219.1
Project("{9A19103F-16F7-4668-BE54-9A1E7A4F7556}") = "eCusPortal.Web", "eCusPortal.Web\eCusPortal.Web.csproj", "{DD364F70-C233-42B5-9EF7-E3833505D61A}"
EndProject
Project("{FAE04EC0-301F-11D3-BF4B-00C04F79EFBC}") = "eCusPortal.Data", "eCusPortal.Data\eCusPortal.Data.csproj", "{2E046171-55C1-45D6-9243-00121E15C41B}"
EndProject
Project("{FAE04EC0-301F-11D3-BF4B-00C04F79EFBC}") = "eCusPortal.Entidades", "eCusPortal.Entidades\eCusPortal.Entidades.csproj", "{EEA523C2-4493-485D-89AC-250A60A01183}"
EndProject
Global
	GlobalSection(SolutionConfigurationPlatforms) = preSolution
		Debug|Any CPU = Debug|Any CPU
		Release|Any CPU = Release|Any CPU
	EndGlobalSection
	GlobalSection(ProjectConfigurationPlatforms) = postSolution
		{DD364F70-C233-42B5-9EF7-E3833505D61A}.Debug|Any CPU.ActiveCfg = Debug|Any CPU
		{DD364F70-C233-42B5-9EF7-E3833505D61A}.Debug|Any CPU.Build.0 = Debug|Any CPU
		{DD364F70-C233-42B5-9EF7-E3833505D61A}.Release|Any CPU.ActiveCfg = Release|Any CPU
		{DD364F70-C233-42B5-9EF7-E3833505D61A}.Release|Any CPU.Build.0 = Release|Any CPU
		{2E046171-55C1-45D6-9243-00121E15C41B}.Debug|Any CPU.ActiveCfg = Debug|Any CPU
		{2E046171-55C1-45D6-9243-00121E15C41B}.Debug|Any CPU.Build.0 = Debug|Any CPU
		{2E046171-55C1-45D6-9243-00121E15C41B}.Release|Any CPU.ActiveCfg = Release|Any CPU
		{2E046171-55C1-45D6-9243-00121E15C41B}.Release|Any CPU.Build.0 = Release|Any CPU
		{EEA523C2-4493-485D-89AC-250A60A01183}.Debug|Any CPU.ActiveCfg = Debug|Any CPU
		{EEA523C2-4493-485D-89AC-250A60A01183}.Debug|Any CPU.Build.0 = Debug|Any CPU
		{EEA523C2-4493-485D-89AC-250A60A01183}.Release|Any CPU.ActiveCfg = Release|Any CPU
		{EEA523C2-4493-485D-89AC-250A60A01183}.Release|Any CPU.Build.0 = Release|Any CPU
	EndGlobalSection
	GlobalSection(SolutionProperties) = preSolution
		HideSolutionNode = FALSE
	EndGlobalSection
	GlobalSection(ExtensibilityGlobals) = postSolution
		SolutionGuid = {2D9F0360-D15B-4F08-B823-65FC66E73D1B}
	EndGlobalSection
EndGlobal
